
Microsoft Visual Studio Solution File, Format Version 12.00
# Visual Studio Version 16
VisualStudioVersion = 16.0.31515.178
MinimumVisualStudioVersion = 10.0.40219.1
Project("{FAE04EC0-301F-11D3-BF4B-00C04F79EFBC}") = "Afei", "Afei\Afei.csproj", "{878AEDBE-DDCB-4E99-8D73-0DC981251E0A}"
EndProject
Project("{FAE04EC0-301F-11D3-BF4B-00C04F79EFBC}") = "AfeiLib", "AfeiLib\AfeiLib.csproj", "{F61972E1-AEB5-4E72-AFE1-89FEC19A7DBF}"
EndProject
Project("{FAE04EC0-301F-11D3-BF4B-00C04F79EFBC}") = "AfeiModel", "AfeiModel\AfeiModel.csproj", "{AA2377CF-5729-4894-8C36-C86D7C7E5D64}"
EndProject
Global
	GlobalSection(SolutionConfigurationPlatforms) = preSolution
		Debug|Any CPU = Debug|Any CPU
		Release|Any CPU = Release|Any CPU
	EndGlobalSection
	GlobalSection(ProjectConfigurationPlatforms) = postSolution
		{878AEDBE-DDCB-4E99-8D73-0DC981251E0A}.Debug|Any CPU.ActiveCfg = Debug|Any CPU
		{878AEDBE-DDCB-4E99-8D73-0DC981251E0A}.Debug|Any CPU.Build.0 = Debug|Any CPU
		{878AEDBE-DDCB-4E99-8D73-0DC981251E0A}.Release|Any CPU.ActiveCfg = Release|Any CPU
		{878AEDBE-DDCB-4E99-8D73-0DC981251E0A}.Release|Any CPU.Build.0 = Release|Any CPU
		{F61972E1-AEB5-4E72-AFE1-89FEC19A7DBF}.Debug|Any CPU.ActiveCfg = Debug|Any CPU
		{F61972E1-AEB5-4E72-AFE1-89FEC19A7DBF}.Debug|Any CPU.Build.0 = Debug|Any CPU
		{F61972E1-AEB5-4E72-AFE1-89FEC19A7DBF}.Release|Any CPU.ActiveCfg = Release|Any CPU
		{F61972E1-AEB5-4E72-AFE1-89FEC19A7DBF}.Release|Any CPU.Build.0 = Release|Any CPU
		{AA2377CF-5729-4894-8C36-C86D7C7E5D64}.Debug|Any CPU.ActiveCfg = Debug|Any CPU
		{AA2377CF-5729-4894-8C36-C86D7C7E5D64}.Debug|Any CPU.Build.0 = Debug|Any CPU
		{AA2377CF-5729-4894-8C36-C86D7C7E5D64}.Release|Any CPU.ActiveCfg = Release|Any CPU
		{AA2377CF-5729-4894-8C36-C86D7C7E5D64}.Release|Any CPU.Build.0 = Release|Any CPU
	EndGlobalSection
	GlobalSection(SolutionProperties) = preSolution
		HideSolutionNode = FALSE
	EndGlobalSection
	GlobalSection(ExtensibilityGlobals) = postSolution
		SolutionGuid = {94151298-020D-4961-97B4-D7061A67AA0F}
	EndGlobalSection
EndGlobal
